
Microsoft Visual Studio Solution File, Format Version 12.00
# Visual Studio Version 16
VisualStudioVersion = 16.0.30711.63
MinimumVisualStudioVersion = 10.0.40219.1
Project("{FAE04EC0-301F-11D3-BF4B-00C04F79EFBC}") = "Assignment2", "Assignment2\Assignment2.csproj", "{77FCCEBC-5CEC-4B58-AF6D-95B441304D11}"
EndProject
Global
	GlobalSection(SolutionConfigurationPlatforms) = preSolution
		Debug|Any CPU = Debug|Any CPU
		Release|Any CPU = Release|Any CPU
	EndGlobalSection
	GlobalSection(ProjectConfigurationPlatforms) = postSolution
		{77FCCEBC-5CEC-4B58-AF6D-95B441304D11}.Debug|Any CPU.ActiveCfg = Debug|Any CPU
		{77FCCEBC-5CEC-4B58-AF6D-95B441304D11}.Debug|Any CPU.Build.0 = Debug|Any CPU
		{77FCCEBC-5CEC-4B58-AF6D-95B441304D11}.Release|Any CPU.ActiveCfg = Release|Any CPU
		{77FCCEBC-5CEC-4B58-AF6D-95B441304D11}.Release|Any CPU.Build.0 = Release|Any CPU
	EndGlobalSection
	GlobalSection(SolutionProperties) = preSolution
		HideSolutionNode = FALSE
	EndGlobalSection
	GlobalSection(ExtensibilityGlobals) = postSolution
		SolutionGuid = {F03B9383-ED4F-4428-B468-37D1F86D17F0}
	EndGlobalSection
EndGlobal
